
Microsoft Visual Studio Solution File, Format Version 12.00
# Visual Studio Version 16
VisualStudioVersion = 16.0.30717.126
MinimumVisualStudioVersion = 10.0.40219.1
Project("{FAE04EC0-301F-11D3-BF4B-00C04F79EFBC}") = "P-Studio", "P-Studio\P-Studio.csproj", "{587A0511-2C46-4049-9849-CCDDCDE707C5}"
EndProject
Global
	GlobalSection(SolutionConfigurationPlatforms) = preSolution
		Debug|Any CPU = Debug|Any CPU
		Release|Any CPU = Release|Any CPU
	EndGlobalSection
	GlobalSection(ProjectConfigurationPlatforms) = postSolution
		{587A0511-2C46-4049-9849-CCDDCDE707C5}.Debug|Any CPU.ActiveCfg = Debug|Any CPU
		{587A0511-2C46-4049-9849-CCDDCDE707C5}.Debug|Any CPU.Build.0 = Debug|Any CPU
		{587A0511-2C46-4049-9849-CCDDCDE707C5}.Release|Any CPU.ActiveCfg = Release|Any CPU
		{587A0511-2C46-4049-9849-CCDDCDE707C5}.Release|Any CPU.Build.0 = Release|Any CPU
	EndGlobalSection
	GlobalSection(SolutionProperties) = preSolution
		HideSolutionNode = FALSE
	EndGlobalSection
	GlobalSection(ExtensibilityGlobals) = postSolution
		SolutionGuid = {B3349551-5033-4102-BBC3-43A34CC6F450}
	EndGlobalSection
EndGlobal
